
Microsoft Visual Studio Solution File, Format Version 12.00
# Visual Studio Version 16
VisualStudioVersion = 16.0.29503.13
MinimumVisualStudioVersion = 10.0.40219.1
Project("{FAE04EC0-301F-11D3-BF4B-00C04F79EFBC}") = "Lab2Test", "Lab2Test\Lab2Test.csproj", "{2D67A279-C451-47E0-AA53-983056E4DAFA}"
EndProject
Global
	GlobalSection(SolutionConfigurationPlatforms) = preSolution
		Debug|Any CPU = Debug|Any CPU
		Release|Any CPU = Release|Any CPU
	EndGlobalSection
	GlobalSection(ProjectConfigurationPlatforms) = postSolution
		{2D67A279-C451-47E0-AA53-983056E4DAFA}.Debug|Any CPU.ActiveCfg = Debug|Any CPU
		{2D67A279-C451-47E0-AA53-983056E4DAFA}.Debug|Any CPU.Build.0 = Debug|Any CPU
		{2D67A279-C451-47E0-AA53-983056E4DAFA}.Release|Any CPU.ActiveCfg = Release|Any CPU
		{2D67A279-C451-47E0-AA53-983056E4DAFA}.Release|Any CPU.Build.0 = Release|Any CPU
	EndGlobalSection
	GlobalSection(SolutionProperties) = preSolution
		HideSolutionNode = FALSE
	EndGlobalSection
	GlobalSection(ExtensibilityGlobals) = postSolution
		SolutionGuid = {8A85D558-95B8-4518-8E4A-2FAC97680D64}
	EndGlobalSection
EndGlobal
